
Microsoft Visual Studio Solution File, Format Version 12.00
# Visual Studio Version 16
VisualStudioVersion = 16.0.30225.117
MinimumVisualStudioVersion = 10.0.40219.1
Project("{FAE04EC0-301F-11D3-BF4B-00C04F79EFBC}") = "VirtuSystemsApp", "VirtuSystemsApp\VirtuSystemsApp.csproj", "{D23AF176-073C-47B8-9685-1B74E4484485}"
EndProject
Global
	GlobalSection(SolutionConfigurationPlatforms) = preSolution
		Debug|Any CPU = Debug|Any CPU
		Release|Any CPU = Release|Any CPU
	EndGlobalSection
	GlobalSection(ProjectConfigurationPlatforms) = postSolution
		{D23AF176-073C-47B8-9685-1B74E4484485}.Debug|Any CPU.ActiveCfg = Debug|Any CPU
		{D23AF176-073C-47B8-9685-1B74E4484485}.Debug|Any CPU.Build.0 = Debug|Any CPU
		{D23AF176-073C-47B8-9685-1B74E4484485}.Release|Any CPU.ActiveCfg = Release|Any CPU
		{D23AF176-073C-47B8-9685-1B74E4484485}.Release|Any CPU.Build.0 = Release|Any CPU
	EndGlobalSection
	GlobalSection(SolutionProperties) = preSolution
		HideSolutionNode = FALSE
	EndGlobalSection
	GlobalSection(ExtensibilityGlobals) = postSolution
		SolutionGuid = {EE734DAB-3BA0-4519-AEFE-33CA83FA73CC}
	EndGlobalSection
EndGlobal
